
Microsoft Visual Studio Solution File, Format Version 12.00
# Visual Studio Version 17
VisualStudioVersion = 17.4.33205.214
MinimumVisualStudioVersion = 10.0.40219.1
Project("{9A19103F-16F7-4668-BE54-9A1E7A4F7556}") = "ZTAppFramework.Avalonia", "ZTAppFramework.Avalonia\ZTAppFramework.Avalonia.csproj", "{54FC1F1F-AE46-439F-93F4-C7DCA2066D99}"
EndProject
Project("{9A19103F-16F7-4668-BE54-9A1E7A4F7556}") = "ZTAppFramework.Template", "ZTAppFramework.Template\ZTAppFramework.Template.csproj", "{BB63E2BB-C91D-4FF0-B3D4-8A0F799259B8}"
EndProject
Project("{9A19103F-16F7-4668-BE54-9A1E7A4F7556}") = "ZTAppFramework.Avalonia.Admin", "ZTAppFramework.Avalonia.Admin\ZTAppFramework.Avalonia.Admin.csproj", "{6C02F793-1B8C-4BC0-80F4-472F7B936CBD}"
EndProject
Project("{9A19103F-16F7-4668-BE54-9A1E7A4F7556}") = "ZTAppFramework.Avalonia.Stared", "ZTAppFramework.Avalonia.Stared\ZTAppFramework.Avalonia.Stared.csproj", "{6473EDFF-9F97-4DE5-AF3D-AB37D3974F17}"
EndProject
Project("{9A19103F-16F7-4668-BE54-9A1E7A4F7556}") = "ZTAppFramework.Avalonia.AdminViewModel", "ZTAppFramework.Avalonia.AdminViewModel\ZTAppFramework.Avalonia.AdminViewModel.csproj", "{67CAA1F5-94EA-4D88-B003-E13BCF336663}"
EndProject
Project("{9A19103F-16F7-4668-BE54-9A1E7A4F7556}") = "ZTAppFramework.Sqlite", "ZTAppFramework.Avalonia.Sqlite\ZTAppFramework.Sqlite.csproj", "{90A180E2-CB32-4016-A806-ED651E9B2A82}"
EndProject
Project("{9A19103F-16F7-4668-BE54-9A1E7A4F7556}") = "ZTAppFramework.ApplicationService.Stared", "ZTAppFramwork.Avalonia.Application.Stared\ZTAppFramework.ApplicationService.Stared.csproj", "{6102F0B4-BB08-4DB7-867D-7081DCEFDA80}"
EndProject
Project("{2150E333-8FDC-42A3-9474-1A3956D46DE8}") = "服务", "服务", "{06D6BE78-74F4-4A8C-8577-097290A2161B}"
EndProject
Project("{9A19103F-16F7-4668-BE54-9A1E7A4F7556}") = "ZTAppFramework.ApplicationService", "ZTAppFramework.ApplicationService\ZTAppFramework.ApplicationService.csproj", "{A8D12D07-6190-4C3C-B84E-005C360A19F5}"
EndProject
Project("{2150E333-8FDC-42A3-9474-1A3956D46DE8}") = "Modules", "Modules", "{AB26899D-C0BB-4D38-B7F3-BDBE52F5043B}"
EndProject
Project("{2150E333-8FDC-42A3-9474-1A3956D46DE8}") = "Admin", "Admin", "{1413DB56-00ED-454F-A200-CBB25A8E6C07}"
EndProject
Project("{9A19103F-16F7-4668-BE54-9A1E7A4F7556}") = "ZTAppFramework.Desktop", "ZTAppFramework.Desktop\ZTAppFramework.Desktop.csproj", "{E197C368-029F-424D-AB7E-E3C83AE441E5}"
EndProject
Project("{2150E333-8FDC-42A3-9474-1A3956D46DE8}") = "Desktop", "Desktop", "{383DAF4B-640B-4F2E-BDBF-F6178CD60E89}"
EndProject
Project("{2150E333-8FDC-42A3-9474-1A3956D46DE8}") = "Pictures", "Pictures", "{13589E8B-0451-40CD-96FB-0E73C8E01DE3}"
EndProjeProject("{2150E333-8FDC-42A3-9474-1A3956D46DE8}") = "Test", "Test", "{3DE5467D-4AEF-494B-8961-DCF04C62822F}"
EndProject
Project("{FAE04EC0-301F-11D3-BF4B-00C04F79EFBC}") = "TestAppFramework", "TestAppFramework\TestAppFramework.csproj", "{3A547D98-3B80-4717-BF7F-1092929BFAF6}"
EndProjectct
Project("{9A19103F-16F7-4668-BE54-9A1E7A4F7556}") = "ZTAppframework.Android", "ZTAppframework.Android\ZTAppframework.Android.csproj", "{5310CEB7-2E96-4844-880D-6B055DC99D5E}"
EndProject
Project("{9A19103F-16F7-4668-BE54-9A1E7A4F7556}") = "ZTAppframework.Browser", "ZTAppframework.Browser\ZTAppframework.Browser.csproj", "{41B16EF0-9DF5-4D8A-A9F9-35F5FEE1A8E2}"
EndProject
Global
	GlobalSection(SolutionConfigurationPlatforms) = preSolution
		Debug|Any CPU = Debug|Any CPU
		Release|Any CPU = Release|Any CPU
	EndGlobalSection
	GlobalSection(ProjectConfigurationPlatforms) = postSolution
		{54FC1F1F-AE46-439F-93F4-C7DCA2066D99}.Debug|Any CPU.ActiveCfg = Debug|Any CPU
		{54FC1F1F-AE46-439F-93F4-C7DCA2066D99}.Debug|Any CPU.Build.0 = Debug|Any CPU
		{54FC1F1F-AE46-439F-93F4-C7DCA2066D99}.Release|Any CPU.ActiveCfg = Release|Any CPU
		{54FC1F1F-AE46-439F-93F4-C7DCA2066D99}.Release|Any CPU.Build.0 = Release|Any CPU
		{BB63E2BB-C91D-4FF0-B3D4-8A0F799259B8}.Debug|Any CPU.ActiveCfg = Debug|Any CPU
		{BB63E2BB-C91D-4FF0-B3D4-8A0F799259B8}.Debug|Any CPU.Build.0 = Debug|Any CPU
		{BB63E2BB-C91D-4FF0-B3D4-8A0F799259B8}.Release|Any CPU.ActiveCfg = Release|Any CPU
		{BB63E2BB-C91D-4FF0-B3D4-8A0F799259B8}.Release|Any CPU.Build.0 = Release|Any CPU
		{6C02F793-1B8C-4BC0-80F4-472F7B936CBD}.Debug|Any CPU.ActiveCfg = Debug|Any CPU
		{6C02F793-1B8C-4BC0-80F4-472F7B936CBD}.Debug|Any CPU.Build.0 = Debug|Any CPU
		{6C02F793-1B8C-4BC0-80F4-472F7B936CBD}.Release|Any CPU.ActiveCfg = Release|Any CPU
		{6C02F793-1B8C-4BC0-80F4-472F7B936CBD}.Release|Any CPU.Build.0 = Release|Any CPU
		{6473EDFF-9F97-4DE5-AF3D-AB37D3974F17}.Debug|Any CPU.ActiveCfg = Debug|Any CPU
		{6473EDFF-9F97-4DE5-AF3D-AB37D3974F17}.Debug|Any CPU.Build.0 = Debug|Any CPU
		{6473EDFF-9F97-4DE5-AF3D-AB37D3974F17}.Release|Any CPU.ActiveCfg = Release|Any CPU
		{6473EDFF-9F97-4DE5-AF3D-AB37D3974F17}.Release|Any CPU.Build.0 = Release|Any CPU
		{67CAA1F5-94EA-4D88-B003-E13BCF336663}.Debug|Any CPU.ActiveCfg = Debug|Any CPU
		{67CAA1F5-94EA-4D88-B003-E13BCF336663}.Debug|Any CPU.Build.0 = Debug|Any CPU
		{67CAA1F5-94EA-4D88-B003-E13BCF336663}.Release|Any CPU.ActiveCfg = Release|Any CPU
		{67CAA1F5-94EA-4D88-B003-E13BCF336663}.Release|Any CPU.Build.0 = Release|Any CPU
		{90A180E2-CB32-4016-A806-ED651E9B2A82}.Debug|Any CPU.ActiveCfg = Debug|Any CPU
		{90A180E2-CB32-4016-A806-ED651E9B2A82}.Debug|Any CPU.Build.0 = Debug|Any CPU
		{90A180E2-CB32-4016-A806-ED651E9B2A82}.Release|Any CPU.ActiveCfg = Release|Any CPU
		{90A180E2-CB32-4016-A806-ED651E9B2A82}.Release|Any CPU.Build.0 = Release|Any CPU
		{6102F0B4-BB08-4DB7-867D-7081DCEFDA80}.Debug|Any CPU.ActiveCfg = Debug|Any CPU
		{6102F0B4-BB08-4DB7-867D-7081DCEFDA80}.Debug|Any CPU.Build.0 = Debug|Any CPU
		{6102F0B4-BB08-4DB7-867D-7081DCEFDA80}.Release|Any CPU.ActiveCfg = Release|Any CPU
		{6102F0B4-BB08-4DB7-867D-7081DCEFDA80}.Release|Any CPU.Build.0 = Release|Any CPU
		{A8D12D07-6190-4C3C-B84E-005C360A19F5}.Debug|Any CPU.ActiveCfg = Debug|Any CPU
		{A8D12D07-6190-4C3C-B84E-005C360A19F5}.Debug|Any CPU.Build.0 = Debug|Any CPU
		{A8D12D07-6190-4C3C-B84E-005C360A19F5}.Release|Any CPU.ActiveCfg = Release|Any CPU
		{A8D12D07-6190-4C3C-B84E-005C360A19F5}.Release|Any CPU.Build.0 = Release|Any CPU
		{E197C368-029F-424D-AB7E-E3C83AE441E5}.Debug|Any CPU.ActiveCfg = Debug|Any CPU
		{E197C368-029F-424D-AB7E-E3C83AE441E5}.Debug|Any CPU.Build.0 = Debug|Any CPU
		{E197C368-029F-424D-AB7E-E3C83AE441E5}.Release|Any CPU.ActiveCfg = Release|Any CPU
		{E197C368-029F-424D-AB7E-E3C83AE441E5}.Release|Any CPU.Build.0 = Release|Any CPU
		{5310CEB7-2E96-4844-880D-6B055DC99D5E}.Debug|Any CPU.ActiveCfg = Debug|Any CPU
		{5310CEB7-2E96-4844-880D-6B055DC99D5E}.Debug|Any CPU.Build.0 = Debug|Any CPU
		{5310CEB7-2E96-4844-880D-6B055DC99D5E}.Debug|Any CPU.Deploy.0 = Debug|Any CPU
		{5310CEB7-2E96-4844-880D-6B055DC99D5E}.Release|Any CPU.ActiveCfg = Release|Any CPU
		{5310CEB7-2E96-4844-880D-6B055DC99D5E}.Release|Any CPU.Build.0 = Release|Any CPU
		{5310CEB7-2E96-4844-880D-6B055DC99D5E}.Release|Any CPU.Deploy.0 = Release|Any CPU
		{41B16EF0-9DF5-4D8A-A9F9-35F5FEE1A8E2}.Debug|Any CPU.ActiveCfg = Debug|Any CPU
		{41B16EF0-9DF5-4D8A-A9F9-35F5FEE1A8E2}.Debug|Any CPU.Build.0 = Debug|Any CPU
		{41B16EF0-9DF5-4D8A-A9F9-35F5FEE1A8E2}.Release|Any CPU.ActiveCfg = Release|Any CPU
		{41B16EF0-9DF5-4D8A-A9F9-35F5FEE1A8E2}.Release|Any CPU.Build.0 = Release|Any CPU
	EndGlobalSection
	GlobalSection(SolutionProperties) = preSolution
		HideSolutionNode = FALSE
	EndGlobalSection
	GlobalSection(NestedProjects) = preSolution
		{6C02F793-1B8C-4BC0-80F4-472F7B936CBD} = {1413DB56-00ED-454F-A200-CBB25A8E6C07}
		{67CAA1F5-94EA-4D88-B003-E13BCF336663} = {1413DB56-00ED-454F-A200-CBB25A8E6C07}
		{90A180E2-CB32-4016-A806-ED651E9B2A82} = {06D6BE78-74F4-4A8C-8577-097290A2161B}
		{6102F0B4-BB08-4DB7-867D-7081DCEFDA80} = {06D6BE78-74F4-4A8C-8577-097290A2161B}
		{A8D12D07-6190-4C3C-B84E-005C360A19F5} = {06D6BE78-74F4-4A8C-8577-097290A2161B}
		{1413DB56-00ED-454F-A200-CBB25A8E6C07} = {AB26899D-C0BB-4D38-B7F3-BDBE52F5043B}
		{E197C368-029F-424D-AB7E-E3C83AE441E5} = {383DAF4B-640B-4F2E-BDBF-F6178CD60E89}
		{13589E8B-0451-40CD-96FB-0E73C8E01DE3} = {AB26899D-C0BB-4D38-B7F3-BDBE52F5043B}
		{5310CEB7-2E96-4844-880D-6B055DC99D5E} = {383DAF4B-640B-4F2E-BDBF-F6178CD60E89}
		{41B16EF0-9DF5-4D8A-A9F9-35F5FEE1A8E2} = {383DAF4B-640B-4F2E-BDBF-F6178CD60E89}
	EndGlobalSection
	GlobalSection(ExtensibilityGlobals) = postSolution
		SolutionGuid = {67A2D57F-4350-4A3B-9E91-59C7F6BA519B}
	EndGlobalSection
EndGlobal
